
Microsoft Visual Studio Solution File, Format Version 12.00
# Visual Studio Version 17
VisualStudioVersion = 17.4.33213.308
MinimumVisualStudioVersion = 10.0.40219.1
Project("{9A19103F-16F7-4668-BE54-9A1E7A4F7556}") = "FMSoftlab.Datamigration", "FMSoftlab.Datamigration.csproj", "{596CA189-1458-4A1C-B93E-20B746B2E496}"
EndProject
Global
	GlobalSection(SolutionConfigurationPlatforms) = preSolution
		Debug|Any CPU = Debug|Any CPU
		Release|Any CPU = Release|Any CPU
	EndGlobalSection
	GlobalSection(ProjectConfigurationPlatforms) = postSolution
		{596CA189-1458-4A1C-B93E-20B746B2E496}.Debug|Any CPU.ActiveCfg = Debug|Any CPU
		{596CA189-1458-4A1C-B93E-20B746B2E496}.Debug|Any CPU.Build.0 = Debug|Any CPU
		{596CA189-1458-4A1C-B93E-20B746B2E496}.Release|Any CPU.ActiveCfg = Release|Any CPU
		{596CA189-1458-4A1C-B93E-20B746B2E496}.Release|Any CPU.Build.0 = Release|Any CPU
	EndGlobalSection
	GlobalSection(SolutionProperties) = preSolution
		HideSolutionNode = FALSE
	EndGlobalSection
	GlobalSection(ExtensibilityGlobals) = postSolution
		SolutionGuid = {F74DDD5E-EBA1-4748-918F-3D005FC9C406}
	EndGlobalSection
EndGlobal
